
Microsoft Visual Studio Solution File, Format Version 12.00
# Visual Studio 15
VisualStudioVersion = 15.0.28307.1300
MinimumVisualStudioVersion = 10.0.40219.1
Project("{FAE04EC0-301F-11D3-BF4B-00C04F79EFBC}") = "KeySender", "Keyboard Sender\KeySender.csproj", "{43353C3C-2E3F-4EE1-8CB1-AB4F24AC919C}"
EndProject
Global
	GlobalSection(SolutionConfigurationPlatforms) = preSolution
		Debug|Any CPU = Debug|Any CPU
		Debug|x64 = Debug|x64
		Release|Any CPU = Release|Any CPU
		Release|x64 = Release|x64
	EndGlobalSection
	GlobalSection(ProjectConfigurationPlatforms) = postSolution
		{43353C3C-2E3F-4EE1-8CB1-AB4F24AC919C}.Debug|Any CPU.ActiveCfg = Debug|Any CPU
		{43353C3C-2E3F-4EE1-8CB1-AB4F24AC919C}.Debug|Any CPU.Build.0 = Debug|Any CPU
		{43353C3C-2E3F-4EE1-8CB1-AB4F24AC919C}.Debug|x64.ActiveCfg = Debug|Any CPU
		{43353C3C-2E3F-4EE1-8CB1-AB4F24AC919C}.Debug|x64.Build.0 = Debug|Any CPU
		{43353C3C-2E3F-4EE1-8CB1-AB4F24AC919C}.Release|Any CPU.ActiveCfg = Release|Any CPU
		{43353C3C-2E3F-4EE1-8CB1-AB4F24AC919C}.Release|Any CPU.Build.0 = Release|Any CPU
		{43353C3C-2E3F-4EE1-8CB1-AB4F24AC919C}.Release|x64.ActiveCfg = Release|Any CPU
		{43353C3C-2E3F-4EE1-8CB1-AB4F24AC919C}.Release|x64.Build.0 = Release|Any CPU
	EndGlobalSection
	GlobalSection(SolutionProperties) = preSolution
		HideSolutionNode = FALSE
	EndGlobalSection
	GlobalSection(ExtensibilityGlobals) = postSolution
		SolutionGuid = {BADFE5DB-DF7D-4590-9AED-CA220D2B28FC}
	EndGlobalSection
EndGlobal
