
Microsoft Visual Studio Solution File, Format Version 12.00
# Visual Studio 15
VisualStudioVersion = 15.0.28307.902
MinimumVisualStudioVersion = 10.0.40219.1
Project("{FAE04EC0-301F-11D3-BF4B-00C04F79EFBC}") = "app", "app\app.csproj", "{369809AE-081C-48C0-A4F0-082C6C50A4DD}"
EndProject
Global
	GlobalSection(SolutionConfigurationPlatforms) = preSolution
		Debug|Any CPU = Debug|Any CPU
		Release|Any CPU = Release|Any CPU
	EndGlobalSection
	GlobalSection(ProjectConfigurationPlatforms) = postSolution
		{369809AE-081C-48C0-A4F0-082C6C50A4DD}.Debug|Any CPU.ActiveCfg = Debug|Any CPU
		{369809AE-081C-48C0-A4F0-082C6C50A4DD}.Debug|Any CPU.Build.0 = Debug|Any CPU
		{369809AE-081C-48C0-A4F0-082C6C50A4DD}.Release|Any CPU.ActiveCfg = Release|Any CPU
		{369809AE-081C-48C0-A4F0-082C6C50A4DD}.Release|Any CPU.Build.0 = Release|Any CPU
	EndGlobalSection
	GlobalSection(SolutionProperties) = preSolution
		HideSolutionNode = FALSE
	EndGlobalSection
	GlobalSection(ExtensibilityGlobals) = postSolution
		SolutionGuid = {FD361D8F-274D-4F5D-AD86-A61D607DE569}
	EndGlobalSection
EndGlobal
